{
  "name": "fractapay-shared",
  "version": "0.1.0",
  "lockfileVersion": 3,
  "requires": true,
  "packages": {
    "": {
      "name": "fractapay-shared",
      "version": "0.1.0",
      "dependencies": {
        "bignumber.js": "^11.1.1"
      }
    },
    "node_modules/bignumber.js": {
      "version": "11.1.1",
      "resolved": "https://registry.npmjs.org/bignumber.js/-/bignumber.js-11.1.1.tgz",
      "integrity": "sha512-LNkCYMieJqAts/Sj5094B92c5q+yRPlXWpABJnHMbUjB/F8AUjELmSmYX5mxbNiY/QnGnJvJIrnRuW5gUqbW5Q==",
      "license": "MIT"
    }
  }
}
